
Microsoft Visual Studio Solution File, Format Version 12.00
# Visual Studio Version 17
VisualStudioVersion = 17.14.36414.22 d17.14
MinimumVisualStudioVersion = 10.0.40219.1
Project("{FAE04EC0-301F-11D3-BF4B-00C04F79EFBC}") = "prySistemaBiblioteca", "prySistemaBiblioteca\prySistemaBiblioteca.csproj", "{289CD7C6-0DDD-4064-82BB-05FE26A7E91C}"
EndProject
Global
	GlobalSection(SolutionConfigurationPlatforms) = preSolution
		Debug|Any CPU = Debug|Any CPU
		Release|Any CPU = Release|Any CPU
	EndGlobalSection
	GlobalSection(ProjectConfigurationPlatforms) = postSolution
		{289CD7C6-0DDD-4064-82BB-05FE26A7E91C}.Debug|Any CPU.ActiveCfg = Debug|Any CPU
		{289CD7C6-0DDD-4064-82BB-05FE26A7E91C}.Debug|Any CPU.Build.0 = Debug|Any CPU
		{289CD7C6-0DDD-4064-82BB-05FE26A7E91C}.Release|Any CPU.ActiveCfg = Release|Any CPU
		{289CD7C6-0DDD-4064-82BB-05FE26A7E91C}.Release|Any CPU.Build.0 = Release|Any CPU
	EndGlobalSection
	GlobalSection(SolutionProperties) = preSolution
		HideSolutionNode = FALSE
	EndGlobalSection
	GlobalSection(ExtensibilityGlobals) = postSolution
		SolutionGuid = {C624EE0C-4F38-4CDC-984A-9C00BA6028DA}
	EndGlobalSection
EndGlobal
